# This file was autogenerated by Stack.
# You should not edit this file by hand.
# For more information, please see the documentation at:
#   https://docs.haskellstack.org/en/stable/lock_files

packages:
- completed:
    hackage: fast-arithmetic-0.6.5.1@sha256:2c376e2944a524fbaf27a4ebf5c58cc9be1e46d9c1544a242bd6370c229a4fa1,3817
    pantry-tree:
      size: 8325
      sha256: 0dc6dff34582864114a863871d5d425e6a52be92845b38455ead77aab3a74b00
  original:
    hackage: fast-arithmetic-0.6.5.1@sha256:2c376e2944a524fbaf27a4ebf5c58cc9be1e46d9c1544a242bd6370c229a4fa1,3817
- completed:
    hackage: combinat-0.2.10.0@sha256:adc1dbb532b048e419374e9e89dc4f92c47758300ffe8534a54849266706e53b,5318
    pantry-tree:
      size: 4964
      sha256: 3633e40972d9b3bc12ae75fdeadff558d5bf8293f592245db8bfdbff8c9e22be
  original:
    hackage: combinat-0.2.10.0@sha256:adc1dbb532b048e419374e9e89dc4f92c47758300ffe8534a54849266706e53b,5318
- completed:
    hackage: hgmp-0.1.2@sha256:a8e47457cf5567f1906540cbb6c3f6b8a75860b58b379e88aa33c07cc9e3741d,2372
    pantry-tree:
      size: 687
      sha256: 0589f14eb91c81d0e47d5b4ce6ae16beb186f9fd89eaccc00a9f1d8548a8a427
  original:
    hackage: hgmp-0.1.2@sha256:a8e47457cf5567f1906540cbb6c3f6b8a75860b58b379e88aa33c07cc9e3741d,2372
- completed:
    hackage: compact-word-vectors-0.2.0.2@sha256:e46c7c3186dafe1ae22434556ddec91af022f2360c57c30a46397758938f3acc,2617
    pantry-tree:
      size: 744
      sha256: 04bb169017c6d066518c6b90938839cf0f1b3352188a4800ffe7b04d79cb2b99
  original:
    hackage: compact-word-vectors-0.2.0.2@sha256:e46c7c3186dafe1ae22434556ddec91af022f2360c57c30a46397758938f3acc,2617
snapshots:
- completed:
    size: 586296
    url: https://raw.githubusercontent.com/commercialhaskell/stackage-snapshots/master/lts/18/18.yaml
    sha256: 63539429076b7ebbab6daa7656cfb079393bf644971156dc349d7c0453694ac2
  original:
    url: https://raw.githubusercontent.com/commercialhaskell/stackage-snapshots/master/lts/18/18.yaml
